{
  "nodes": {
    "flake-utils": {
      "locked": {
        "lastModified": 1659877975,
        "narHash": "sha256-zllb8aq3YO3h8B/U0/J1WBgAL8EX5yWf5pMj3G0NAmc=",
        "owner": "numtide",
        "repo": "flake-utils",
        "rev": "c0e246b9b83f637f4681389ecabcb2681b4f3af0",
        "type": "github"
      },
      "original": {
        "owner": "numtide",
        "repo": "flake-utils",
        "type": "github"
      }
    },
    "lualine": {
      "flake": false,
      "locked": {
        "lastModified": 1662921346,
        "narHash": "sha256-bGVozEoffFxjiLACTfnDGX11yIHGhLawQWn80Nbd6TM=",
        "owner": "nvim-lualine",
        "repo": "lualine.nvim",
        "rev": "a52f078026b27694d2290e34efa61a6e4a690621",
        "type": "github"
      },
      "original": {
        "owner": "nvim-lualine",
        "repo": "lualine.nvim",
        "type": "github"
      }
    },
    "neovim": {
      "flake": false,
      "locked": {
        "lastModified": 1656256102,
        "narHash": "sha256-eKKQNM02Vhy+3yL2QV+0FSEpcniEa5Aq6hkAUIgLo1k=",
        "owner": "neovim",
        "repo": "neovim",
        "rev": "e8ee6733926db83ef216497a1d660a173184ff39",
        "type": "github"
      },
      "original": {
        "owner": "neovim",
        "repo": "neovim",
        "rev": "e8ee6733926db83ef216497a1d660a173184ff39",
        "type": "github"
      }
    },
    "nixpkgs": {
      "locked": {
        "lastModified": 1662019588,
        "narHash": "sha256-oPEjHKGGVbBXqwwL+UjsveJzghWiWV0n9ogo1X6l4cw=",
        "owner": "nixos",
        "repo": "nixpkgs",
        "rev": "2da64a81275b68fdad38af669afeda43d401e94b",
        "type": "github"
      },
      "original": {
        "owner": "nixos",
        "ref": "nixos-unstable",
        "repo": "nixpkgs",
        "type": "github"
      }
    },
    "nvim-lspconfig": {
      "flake": false,
      "locked": {
        "lastModified": 1663166903,
        "narHash": "sha256-SAtVRAPJIs1ax48nLieZ+X2jKJTZl8aKOCKbd8H6eWc=",
        "owner": "neovim",
        "repo": "nvim-lspconfig",
        "rev": "51775b12cfbf1b6462c7b13cd020cc09e6767aea",
        "type": "github"
      },
      "original": {
        "owner": "neovim",
        "ref": "master",
        "repo": "nvim-lspconfig",
        "type": "github"
      }
    },
    "nvim-web-devicons": {
      "flake": false,
      "locked": {
        "lastModified": 1663532214,
        "narHash": "sha256-e8FP68mEmPAEbk+rYEKKGi0ZTJHDCPxrulnivkzInXk=",
        "owner": "kyazdani42",
        "repo": "nvim-web-devicons",
        "rev": "969728506c0175644a1d448f55e311ccdada7eaf",
        "type": "github"
      },
      "original": {
        "owner": "kyazdani42",
        "ref": "master",
        "repo": "nvim-web-devicons",
        "type": "github"
      }
    },
    "oh-my-vim": {
      "flake": false,
      "locked": {
        "lastModified": 1660328394,
        "narHash": "sha256-qvYR+1Jgv3hWzWaNa1Zhogf53/SnowLzwkYqAJxDqsU=",
        "ref": "lua-config",
        "rev": "2f4e3e9778b782972fde41e79aaadadf749b4b70",
        "revCount": 294,
        "type": "git",
        "url": "https://gitlab.tools.kbee.xyz/alex/oh-my-vim.git"
      },
      "original": {
        "ref": "lua-config",
        "type": "git",
        "url": "https://gitlab.tools.kbee.xyz/alex/oh-my-vim.git"
      }
    },
    "plenary": {
      "flake": false,
      "locked": {
        "lastModified": 1662196864,
        "narHash": "sha256-qIfsQScKdwrVXUYry+RDjoMoKLuhlsw1GHOVoeOphfo=",
        "owner": "nvim-lua",
        "repo": "plenary.nvim",
        "rev": "4b66054e75356ac0b909bbfee9c682e703f535c2",
        "type": "github"
      },
      "original": {
        "owner": "nvim-lua",
        "repo": "plenary.nvim",
        "type": "github"
      }
    },
    "popup": {
      "flake": false,
      "locked": {
        "lastModified": 1637254091,
        "narHash": "sha256-dNWz/xovUg55fDZUpVs/2kLphk3lqQyvPtc9ATwbeSQ=",
        "owner": "nvim-lua",
        "repo": "popup.nvim",
        "rev": "b7404d35d5d3548a82149238289fa71f7f6de4ac",
        "type": "github"
      },
      "original": {
        "owner": "nvim-lua",
        "ref": "master",
        "repo": "popup.nvim",
        "type": "github"
      }
    },
    "root": {
      "inputs": {
        "flake-utils": "flake-utils",
        "lualine": "lualine",
        "neovim": "neovim",
        "nixpkgs": "nixpkgs",
        "nvim-lspconfig": "nvim-lspconfig",
        "nvim-web-devicons": "nvim-web-devicons",
        "oh-my-vim": "oh-my-vim",
        "plenary": "plenary",
        "popup": "popup",
        "telescope": "telescope",
        "telescope-ui-select": "telescope-ui-select"
      }
    },
    "telescope": {
      "flake": false,
      "locked": {
        "lastModified": 1662321586,
        "narHash": "sha256-JWNYnbXH8C7J0H7cE9j7akwW8C86nD0vy5GwTtLdBvw=",
        "owner": "nvim-telescope",
        "repo": "telescope.nvim",
        "rev": "2584ff391b528d01bf5e8c04206d5902a79ebdde",
        "type": "github"
      },
      "original": {
        "owner": "nvim-telescope",
        "repo": "telescope.nvim",
        "type": "github"
      }
    },
    "telescope-ui-select": {
      "flake": false,
      "locked": {
        "lastModified": 1651305900,
        "narHash": "sha256-/JM2KX70JXa3sydrUj13Vd4rRwhn3VrdW7qLLHqIqyY=",
        "owner": "nvim-telescope",
        "repo": "telescope-ui-select.nvim",
        "rev": "62ea5e58c7bbe191297b983a9e7e89420f581369",
        "type": "github"
      },
      "original": {
        "owner": "nvim-telescope",
        "ref": "master",
        "repo": "telescope-ui-select.nvim",
        "type": "github"
      }
    }
  },
  "root": "root",
  "version": 7
}
