{
  "nodes": {
    "barbar": {
      "flake": false,
      "locked": {
        "lastModified": 1666793860,
        "narHash": "sha256-qHTWfc12DPxyOxke+5s527dOCg0bWwzNQfiYhdWyLyw=",
        "owner": "romgrk",
        "repo": "barbar.nvim",
        "rev": "eecabfedc9429f6184feb3b6655bc45a4ed36a7e",
        "type": "github"
      },
      "original": {
        "owner": "romgrk",
        "ref": "master",
        "repo": "barbar.nvim",
        "type": "github"
      }
    },
    "cmp-nvim-lsp": {
      "flake": false,
      "locked": {
        "lastModified": 1665863036,
        "narHash": "sha256-4pppdlVJdn75/faaP3N+o7HgEHxyR1nvkHncnFXGDFA=",
        "owner": "hrsh7th",
        "repo": "cmp-nvim-lsp",
        "rev": "3cf38d9c957e95c397b66f91967758b31be4abe6",
        "type": "github"
      },
      "original": {
        "owner": "hrsh7th",
        "ref": "main",
        "repo": "cmp-nvim-lsp",
        "type": "github"
      }
    },
    "cmp_luasnip": {
      "flake": false,
      "locked": {
        "lastModified": 1666943769,
        "narHash": "sha256-Z5SPy3j2oHFxJ7bK8DP8Q/oRyLEMlnWyIfDaQcNVIS0=",
        "owner": "saadparwaiz1",
        "repo": "cmp_luasnip",
        "rev": "18095520391186d634a0045dacaa346291096566",
        "type": "github"
      },
      "original": {
        "owner": "saadparwaiz1",
        "ref": "master",
        "repo": "cmp_luasnip",
        "type": "github"
      }
    },
    "comment-nvim": {
      "flake": false,
      "locked": {
        "lastModified": 1665753407,
        "narHash": "sha256-YJf4RKX/HZ8DfpyTqNXDk1hh7iCpGUmvhT+8VJViwr8=",
        "owner": "numToStr",
        "repo": "Comment.nvim",
        "rev": "ad7ffa8ed2279f1c8a90212c7d3851f9b783a3d6",
        "type": "github"
      },
      "original": {
        "owner": "numToStr",
        "ref": "master",
        "repo": "Comment.nvim",
        "type": "github"
      }
    },
    "flake-utils": {
      "locked": {
        "lastModified": 1659877975,
        "narHash": "sha256-zllb8aq3YO3h8B/U0/J1WBgAL8EX5yWf5pMj3G0NAmc=",
        "owner": "numtide",
        "repo": "flake-utils",
        "rev": "c0e246b9b83f637f4681389ecabcb2681b4f3af0",
        "type": "github"
      },
      "original": {
        "owner": "numtide",
        "repo": "flake-utils",
        "type": "github"
      }
    },
    "gitsigns": {
      "flake": false,
      "locked": {
        "lastModified": 1666945789,
        "narHash": "sha256-qSwngfHSckYHPOKcSjGEcEGCb0q3vCJedMfdIm7PTmg=",
        "owner": "lewis6991",
        "repo": "gitsigns.nvim",
        "rev": "6321c884b1a462918b1a7c7c016bcc2f0944832c",
        "type": "github"
      },
      "original": {
        "owner": "lewis6991",
        "ref": "main",
        "repo": "gitsigns.nvim",
        "type": "github"
      }
    },
    "hop-nvim": {
      "flake": false,
      "locked": {
        "lastModified": 1665333065,
        "narHash": "sha256-eBWzvdwbPlwArx7M8Q5mQtXVHASxo8CC/4ZIhBHd0vg=",
        "owner": "phaazon",
        "repo": "hop.nvim",
        "rev": "6591b3656b75ff313cc38dc662a7ee8f75f1c165",
        "type": "github"
      },
      "original": {
        "owner": "phaazon",
        "ref": "master",
        "repo": "hop.nvim",
        "type": "github"
      }
    },
    "luaSnip": {
      "flake": false,
      "locked": {
        "lastModified": 1665773867,
        "narHash": "sha256-/uCFAunkN7zZqXlN8SnKl8Z2dUhRNqH020tIWDEe6dI=",
        "owner": "L3MON4D3",
        "repo": "LuaSnip",
        "rev": "663d54482b11bca1ce94f56993b9f6ab485a13dc",
        "type": "github"
      },
      "original": {
        "owner": "L3MON4D3",
        "ref": "master",
        "repo": "LuaSnip",
        "type": "github"
      }
    },
    "lualine": {
      "flake": false,
      "locked": {
        "lastModified": 1666536099,
        "narHash": "sha256-pjpxV59Ej7tCvReP5nFi/h1veGwzLdw3PILC89+f488=",
        "owner": "nvim-lualine",
        "repo": "lualine.nvim",
        "rev": "3325d5d43a7a2bc9baeef2b7e58e1d915278beaf",
        "type": "github"
      },
      "original": {
        "owner": "nvim-lualine",
        "ref": "master",
        "repo": "lualine.nvim",
        "type": "github"
      }
    },
    "lualine-lsp-progress": {
      "flake": false,
      "locked": {
        "lastModified": 1634947677,
        "narHash": "sha256-8HMtydFDzTxsuKvce+bIra9vZ9zHfEBHyR346W635b8=",
        "owner": "arkav",
        "repo": "lualine-lsp-progress",
        "rev": "56842d097245a08d77912edf5f2a69ba29f275d7",
        "type": "github"
      },
      "original": {
        "owner": "arkav",
        "ref": "master",
        "repo": "lualine-lsp-progress",
        "type": "github"
      }
    },
    "neovim": {
      "flake": false,
      "locked": {
        "lastModified": 1664550913,
        "narHash": "sha256-mVeVjkP8JpTi2aW59ZuzQPi5YvEySVAtxko7xxAx/es=",
        "owner": "neovim",
        "repo": "neovim",
        "rev": "d367ed9b23d481998d297d812f54b950e5511c24",
        "type": "github"
      },
      "original": {
        "owner": "neovim",
        "repo": "neovim",
        "rev": "d367ed9b23d481998d297d812f54b950e5511c24",
        "type": "github"
      }
    },
    "neovim-session-manager": {
      "flake": false,
      "locked": {
        "lastModified": 1664443199,
        "narHash": "sha256-FWVYEL0i4eYWXEd3yl2uM+RJloiUCRxURh+dk+yqa7M=",
        "owner": "Shatur",
        "repo": "neovim-session-manager",
        "rev": "4005dac93f5cd1257792259ef4df6af0e3afc213",
        "type": "github"
      },
      "original": {
        "owner": "Shatur",
        "ref": "master",
        "repo": "neovim-session-manager",
        "type": "github"
      }
    },
    "nixpkgs": {
      "locked": {
        "lastModified": 1666869603,
        "narHash": "sha256-3V53or4Vpu4+LrGfGSh3T2V8+qf5RP6nRuex9GywkwE=",
        "owner": "nixos",
        "repo": "nixpkgs",
        "rev": "2001e2b31c565bcdf7bc13062b8d7cfccaca05b8",
        "type": "github"
      },
      "original": {
        "owner": "nixos",
        "ref": "nixos-unstable",
        "repo": "nixpkgs",
        "type": "github"
      }
    },
    "nvim-autopairs": {
      "flake": false,
      "locked": {
        "lastModified": 1666867571,
        "narHash": "sha256-O9QRLKr6I2csBxKE6fyvkcA7Vgs7PjaQSC4bB7yaWtE=",
        "owner": "windwp",
        "repo": "nvim-autopairs",
        "rev": "6b6e35fc9aca1030a74cc022220bc22ea6c5daf4",
        "type": "github"
      },
      "original": {
        "owner": "windwp",
        "ref": "master",
        "repo": "nvim-autopairs",
        "type": "github"
      }
    },
    "nvim-cmp": {
      "flake": false,
      "locked": {
        "lastModified": 1666412792,
        "narHash": "sha256-ErdM+ETpkgBtAvA/RedqN+DXvunQ4OYl58HpfZQkz/s=",
        "owner": "hrsh7th",
        "repo": "nvim-cmp",
        "rev": "cdb77665bbf23bd2717d424ddf4bf98057c30bb3",
        "type": "github"
      },
      "original": {
        "owner": "hrsh7th",
        "ref": "main",
        "repo": "nvim-cmp",
        "type": "github"
      }
    },
    "nvim-colorizer": {
      "flake": false,
      "locked": {
        "lastModified": 1591879145,
        "narHash": "sha256-6YrnItxExL2C8pNIdLd+hXCjsB2MbZANwWkah6dreD8=",
        "owner": "norcalli",
        "repo": "nvim-colorizer.lua",
        "rev": "36c610a9717cc9ec426a07c8e6bf3b3abcb139d6",
        "type": "github"
      },
      "original": {
        "owner": "norcalli",
        "ref": "master",
        "repo": "nvim-colorizer.lua",
        "type": "github"
      }
    },
    "nvim-legendary": {
      "flake": false,
      "locked": {
        "lastModified": 1666810072,
        "narHash": "sha256-PqoEdN+By9mUqxOVfwGEfWNbO5qo6qHdP72grdHtcVY=",
        "owner": "mrjones2014",
        "repo": "legendary.nvim",
        "rev": "32b6ffbebe88751ae07812a93d44b833fdf2d00e",
        "type": "github"
      },
      "original": {
        "owner": "mrjones2014",
        "ref": "master",
        "repo": "legendary.nvim",
        "type": "github"
      }
    },
    "nvim-lightbulb": {
      "flake": false,
      "locked": {
        "lastModified": 1661474119,
        "narHash": "sha256-nw6H/dS4dHdrobnrfJVa8urWrMnbTWrA5bQJy9xbKXY=",
        "owner": "kosayoda",
        "repo": "nvim-lightbulb",
        "rev": "56b9ce31ec9d09d560fe8787c0920f76bc208297",
        "type": "github"
      },
      "original": {
        "owner": "kosayoda",
        "ref": "master",
        "repo": "nvim-lightbulb",
        "type": "github"
      }
    },
    "nvim-lspconfig": {
      "flake": false,
      "locked": {
        "lastModified": 1666782123,
        "narHash": "sha256-wMZ7YngqVHw1t0+ZPIg2kK26LZBFnxcIiJ0i3xkdHuc=",
        "owner": "neovim",
        "repo": "nvim-lspconfig",
        "rev": "2315a397fd5057e3a74a09a240f606af28447ebf",
        "type": "github"
      },
      "original": {
        "owner": "neovim",
        "ref": "master",
        "repo": "nvim-lspconfig",
        "type": "github"
      }
    },
    "nvim-neoclip": {
      "flake": false,
      "locked": {
        "lastModified": 1665642610,
        "narHash": "sha256-71rPSi399WnHOebIQJnhjBzLRpi8n0EpXckjrmCOvKc=",
        "owner": "AckslD",
        "repo": "nvim-neoclip.lua",
        "rev": "3e0b9a134838c7356d743f84a272c92410c47d8d",
        "type": "github"
      },
      "original": {
        "owner": "AckslD",
        "ref": "main",
        "repo": "nvim-neoclip.lua",
        "type": "github"
      }
    },
    "nvim-notify": {
      "flake": false,
      "locked": {
        "lastModified": 1665994953,
        "narHash": "sha256-qMhZrUZarsv59wCxBcVYBgcXQYxJXz4DcJqEI0p/t+c=",
        "owner": "rcarriga",
        "repo": "nvim-notify",
        "rev": "5e8d4942976bbc45e3adb8f4beb81964a79cfd02",
        "type": "github"
      },
      "original": {
        "owner": "rcarriga",
        "ref": "master",
        "repo": "nvim-notify",
        "type": "github"
      }
    },
    "nvim-tree": {
      "flake": false,
      "locked": {
        "lastModified": 1666959541,
        "narHash": "sha256-WEIY8Hma1NRCSayh1YhPuQGmKnFv7XPc/c8WrkkDr8g=",
        "owner": "kyazdani42",
        "repo": "nvim-tree.lua",
        "rev": "65c2ba895213c3641fc58dd33bc7a44423a6cdbe",
        "type": "github"
      },
      "original": {
        "owner": "kyazdani42",
        "ref": "master",
        "repo": "nvim-tree.lua",
        "type": "github"
      }
    },
    "nvim-treesitter": {
      "flake": false,
      "locked": {
        "lastModified": 1666959736,
        "narHash": "sha256-cUVrxOgox5qqJumJyLN4uVQ209SC2Ojx7g83IgL7EfY=",
        "owner": "nvim-treesitter",
        "repo": "nvim-treesitter",
        "rev": "287ffdccc1dd7ed017d844a4fad069fd3340fa94",
        "type": "github"
      },
      "original": {
        "owner": "nvim-treesitter",
        "ref": "master",
        "repo": "nvim-treesitter",
        "type": "github"
      }
    },
    "nvim-treesitter-playground": {
      "flake": false,
      "locked": {
        "lastModified": 1663605736,
        "narHash": "sha256-wst6YwtTJbR65+jijSSgsS9Isv1/vO9uAjuoUg6tVQc=",
        "owner": "nvim-treesitter",
        "repo": "playground",
        "rev": "e6a0bfaf9b5e36e3a327a1ae9a44a989eae472cf",
        "type": "github"
      },
      "original": {
        "owner": "nvim-treesitter",
        "ref": "master",
        "repo": "playground",
        "type": "github"
      }
    },
    "nvim-treesitter-refactor": {
      "flake": false,
      "locked": {
        "lastModified": 1652483521,
        "narHash": "sha256-8iAwtoMqh+2ef8qooxBFzm1eAm+P+8IKjjepV4n/+vI=",
        "owner": "nvim-treesitter",
        "repo": "nvim-treesitter-refactor",
        "rev": "75f5895cc662d61eb919da8050b7a0124400d589",
        "type": "github"
      },
      "original": {
        "owner": "nvim-treesitter",
        "ref": "master",
        "repo": "nvim-treesitter-refactor",
        "type": "github"
      }
    },
    "nvim-treesitter-textobjects": {
      "flake": false,
      "locked": {
        "lastModified": 1666041847,
        "narHash": "sha256-4oU+uKfS/Lu72spAYToGljqBMNnc+lc2H1QIbWtrSoU=",
        "owner": "nvim-treesitter",
        "repo": "nvim-treesitter-textobjects",
        "rev": "13739a5705d9592cbe7da372576363dc8ea5f723",
        "type": "github"
      },
      "original": {
        "owner": "nvim-treesitter",
        "ref": "master",
        "repo": "nvim-treesitter-textobjects",
        "type": "github"
      }
    },
    "nvim-web-devicons": {
      "flake": false,
      "locked": {
        "lastModified": 1666002102,
        "narHash": "sha256-kpg9K8WtZHp5FP+23AQK3W0yQOK1ZB6z8kHvy8jcHxM=",
        "owner": "kyazdani42",
        "repo": "nvim-web-devicons",
        "rev": "9061e2d355ecaa2b588b71a35e7a11358a7e51e1",
        "type": "github"
      },
      "original": {
        "owner": "kyazdani42",
        "ref": "master",
        "repo": "nvim-web-devicons",
        "type": "github"
      }
    },
    "octo-nvim": {
      "flake": false,
      "locked": {
        "lastModified": 1666126221,
        "narHash": "sha256-8UQp6gCsY83HJ6FmEzXjffjSJoFvJs4TIUM/5F9jrfE=",
        "owner": "pwntester",
        "repo": "octo.nvim",
        "rev": "b75630f93822a569f3fc2360bb2066ec1b205bd0",
        "type": "github"
      },
      "original": {
        "owner": "pwntester",
        "ref": "master",
        "repo": "octo.nvim",
        "type": "github"
      }
    },
    "oh-my-vim": {
      "flake": false,
      "locked": {
        "lastModified": 1666964390,
        "narHash": "sha256-H7TwKOwiVQNWwBFQ/frivb+dgdRajKyFjExwcR9VflA=",
        "ref": "nix-config",
        "rev": "59af5387aad79538a59f396d50bdaf05eea91645",
        "revCount": 324,
        "type": "git",
        "url": "https://gitlab.tools.kbee.xyz/alex/oh-my-vim.git"
      },
      "original": {
        "ref": "nix-config",
        "type": "git",
        "url": "https://gitlab.tools.kbee.xyz/alex/oh-my-vim.git"
      }
    },
    "plenary": {
      "flake": false,
      "locked": {
        "lastModified": 1664607953,
        "narHash": "sha256-lIdBrVpi+vUudeotjFAuw4C0VT8TPoFE9cVVAQEsAYU=",
        "owner": "nvim-lua",
        "repo": "plenary.nvim",
        "rev": "4b7e52044bbb84242158d977a50c4cbcd85070c7",
        "type": "github"
      },
      "original": {
        "owner": "nvim-lua",
        "repo": "plenary.nvim",
        "type": "github"
      }
    },
    "popup": {
      "flake": false,
      "locked": {
        "lastModified": 1637254091,
        "narHash": "sha256-dNWz/xovUg55fDZUpVs/2kLphk3lqQyvPtc9ATwbeSQ=",
        "owner": "nvim-lua",
        "repo": "popup.nvim",
        "rev": "b7404d35d5d3548a82149238289fa71f7f6de4ac",
        "type": "github"
      },
      "original": {
        "owner": "nvim-lua",
        "ref": "master",
        "repo": "popup.nvim",
        "type": "github"
      }
    },
    "root": {
      "inputs": {
        "barbar": "barbar",
        "cmp-nvim-lsp": "cmp-nvim-lsp",
        "cmp_luasnip": "cmp_luasnip",
        "comment-nvim": "comment-nvim",
        "flake-utils": "flake-utils",
        "gitsigns": "gitsigns",
        "hop-nvim": "hop-nvim",
        "luaSnip": "luaSnip",
        "lualine": "lualine",
        "lualine-lsp-progress": "lualine-lsp-progress",
        "neovim": "neovim",
        "neovim-session-manager": "neovim-session-manager",
        "nixpkgs": "nixpkgs",
        "nvim-autopairs": "nvim-autopairs",
        "nvim-cmp": "nvim-cmp",
        "nvim-colorizer": "nvim-colorizer",
        "nvim-legendary": "nvim-legendary",
        "nvim-lightbulb": "nvim-lightbulb",
        "nvim-lspconfig": "nvim-lspconfig",
        "nvim-neoclip": "nvim-neoclip",
        "nvim-notify": "nvim-notify",
        "nvim-tree": "nvim-tree",
        "nvim-treesitter": "nvim-treesitter",
        "nvim-treesitter-playground": "nvim-treesitter-playground",
        "nvim-treesitter-refactor": "nvim-treesitter-refactor",
        "nvim-treesitter-textobjects": "nvim-treesitter-textobjects",
        "nvim-web-devicons": "nvim-web-devicons",
        "octo-nvim": "octo-nvim",
        "oh-my-vim": "oh-my-vim",
        "plenary": "plenary",
        "popup": "popup",
        "telescope": "telescope",
        "telescope-tele-tabby": "telescope-tele-tabby",
        "telescope-ui-select": "telescope-ui-select",
        "theme-dracula": "theme-dracula",
        "theme-nightfox": "theme-nightfox",
        "theme-tokyonight": "theme-tokyonight",
        "vim-fugitive": "vim-fugitive",
        "vim-oscyank": "vim-oscyank",
        "vim-repeat": "vim-repeat",
        "vim-rhubarb": "vim-rhubarb",
        "vim-surround": "vim-surround"
      }
    },
    "telescope": {
      "flake": false,
      "locked": {
        "lastModified": 1666794743,
        "narHash": "sha256-QK7JcPtRMqIUni1VbVdf2o+5tGLH0NksuMaG02BWCpo=",
        "owner": "nvim-telescope",
        "repo": "telescope.nvim",
        "rev": "97847309cbffbb33e442f07b8877d20322a26922",
        "type": "github"
      },
      "original": {
        "owner": "nvim-telescope",
        "repo": "telescope.nvim",
        "type": "github"
      }
    },
    "telescope-tele-tabby": {
      "flake": false,
      "locked": {
        "lastModified": 1666349733,
        "narHash": "sha256-p7U1OqWtH3I1Z6jVyMDSPhDcIPtqMhBkbvWiCx8SmDs=",
        "owner": "TC72",
        "repo": "telescope-tele-tabby.nvim",
        "rev": "e58710e9ef5aecbf7b16e0c2e5d7959d46ec55fc",
        "type": "github"
      },
      "original": {
        "owner": "TC72",
        "ref": "main",
        "repo": "telescope-tele-tabby.nvim",
        "type": "github"
      }
    },
    "telescope-ui-select": {
      "flake": false,
      "locked": {
        "lastModified": 1651305900,
        "narHash": "sha256-/JM2KX70JXa3sydrUj13Vd4rRwhn3VrdW7qLLHqIqyY=",
        "owner": "nvim-telescope",
        "repo": "telescope-ui-select.nvim",
        "rev": "62ea5e58c7bbe191297b983a9e7e89420f581369",
        "type": "github"
      },
      "original": {
        "owner": "nvim-telescope",
        "ref": "master",
        "repo": "telescope-ui-select.nvim",
        "type": "github"
      }
    },
    "theme-dracula": {
      "flake": false,
      "locked": {
        "lastModified": 1666627226,
        "narHash": "sha256-9ly/WnMshjaAEh9baoJv97nQG2XnmdfgrITpAyPvD8Q=",
        "owner": "dracula",
        "repo": "vim",
        "rev": "7ebadce59c087f441b7baacff68e1667386d119a",
        "type": "github"
      },
      "original": {
        "owner": "dracula",
        "ref": "master",
        "repo": "vim",
        "type": "github"
      }
    },
    "theme-nightfox": {
      "flake": false,
      "locked": {
        "lastModified": 1666839455,
        "narHash": "sha256-Atb35WovKtEZftpuF6ZS0aiqeqmZc+UauIvHPIYqKVk=",
        "owner": "EdenEast",
        "repo": "nightfox.nvim",
        "rev": "9df01a3fb3d41e1e388ded7a34fe97a19146a283",
        "type": "github"
      },
      "original": {
        "owner": "EdenEast",
        "ref": "main",
        "repo": "nightfox.nvim",
        "type": "github"
      }
    },
    "theme-tokyonight": {
      "flake": false,
      "locked": {
        "lastModified": 1666897232,
        "narHash": "sha256-I9OlFvwhQioBy087VPTC2qlsmqz9HAGPiYskvb8b8rw=",
        "owner": "folke",
        "repo": "tokyonight.nvim",
        "rev": "8756c99d08f3605534600e70f9fae64035a287dc",
        "type": "github"
      },
      "original": {
        "owner": "folke",
        "ref": "main",
        "repo": "tokyonight.nvim",
        "type": "github"
      }
    },
    "vim-fugitive": {
      "flake": false,
      "locked": {
        "lastModified": 1662284293,
        "narHash": "sha256-IzsvDf7y91iV3XdrXW2U5WTdSmuALlpVO113h7Ovuac=",
        "owner": "tpope",
        "repo": "vim-fugitive",
        "rev": "dd8107cabf5fe85df94d5eedcae52415e543f208",
        "type": "github"
      },
      "original": {
        "owner": "tpope",
        "ref": "master",
        "repo": "vim-fugitive",
        "type": "github"
      }
    },
    "vim-oscyank": {
      "flake": false,
      "locked": {
        "lastModified": 1661981407,
        "narHash": "sha256-UVKSwmQgXUMMIwaQy9aEM/FzrtRTu91nGUigXxlTQ7g=",
        "owner": "ojroques",
        "repo": "vim-oscyank",
        "rev": "849c67adf24a86935b8be62860ad9acb00cf4572",
        "type": "github"
      },
      "original": {
        "owner": "ojroques",
        "ref": "main",
        "repo": "vim-oscyank",
        "type": "github"
      }
    },
    "vim-repeat": {
      "flake": false,
      "locked": {
        "lastModified": 1611544268,
        "narHash": "sha256-8rfZa3uKXB3TRCqaDHZ6DfzNbm7WaYnLvmTNzYtnKHg=",
        "owner": "tpope",
        "repo": "vim-repeat",
        "rev": "24afe922e6a05891756ecf331f39a1f6743d3d5a",
        "type": "github"
      },
      "original": {
        "owner": "tpope",
        "ref": "master",
        "repo": "vim-repeat",
        "type": "github"
      }
    },
    "vim-rhubarb": {
      "flake": false,
      "locked": {
        "lastModified": 1658927824,
        "narHash": "sha256-nNzQRw0it/qMXg5xzYDm1oi6y9szHSrzXdXK1683hbA=",
        "owner": "tpope",
        "repo": "vim-rhubarb",
        "rev": "cad60fe382f3f501bbb28e113dfe8c0de6e77c75",
        "type": "github"
      },
      "original": {
        "owner": "tpope",
        "ref": "master",
        "repo": "vim-rhubarb",
        "type": "github"
      }
    },
    "vim-surround": {
      "flake": false,
      "locked": {
        "lastModified": 1666730476,
        "narHash": "sha256-DZE5tkmnT+lAvx/RQHaDEgEJXRKsy56KJY919xiH1lE=",
        "owner": "tpope",
        "repo": "vim-surround",
        "rev": "3d188ed2113431cf8dac77be61b842acb64433d9",
        "type": "github"
      },
      "original": {
        "owner": "tpope",
        "ref": "master",
        "repo": "vim-surround",
        "type": "github"
      }
    }
  },
  "root": "root",
  "version": 7
}
