{
  "nodes": {
    "cmp-nvim-lsp": {
      "flake": false,
      "locked": {
        "lastModified": 1652705110,
        "narHash": "sha256-19Ka4EQhqo//IMjJ/DnXiHsevVWFy2M90oSjmBFfCO0=",
        "owner": "hrsh7th",
        "repo": "cmp-nvim-lsp",
        "rev": "affe808a5c56b71630f17aa7c38e15c59fd648a8",
        "type": "github"
      },
      "original": {
        "owner": "hrsh7th",
        "ref": "main",
        "repo": "cmp-nvim-lsp",
        "type": "github"
      }
    },
    "cmp_luasnip": {
      "flake": false,
      "locked": {
        "lastModified": 1651433493,
        "narHash": "sha256-8ocJY5qeAJXFSuTnavXX6NvZyAB0EEn2Y+amrWp8B1Y=",
        "owner": "saadparwaiz1",
        "repo": "cmp_luasnip",
        "rev": "a9de941bcbda508d0a45d28ae366bb3f08db2e36",
        "type": "github"
      },
      "original": {
        "owner": "saadparwaiz1",
        "ref": "master",
        "repo": "cmp_luasnip",
        "type": "github"
      }
    },
    "flake-utils": {
      "locked": {
        "lastModified": 1659877975,
        "narHash": "sha256-zllb8aq3YO3h8B/U0/J1WBgAL8EX5yWf5pMj3G0NAmc=",
        "owner": "numtide",
        "repo": "flake-utils",
        "rev": "c0e246b9b83f637f4681389ecabcb2681b4f3af0",
        "type": "github"
      },
      "original": {
        "owner": "numtide",
        "repo": "flake-utils",
        "type": "github"
      }
    },
    "luaSnip": {
      "flake": false,
      "locked": {
        "lastModified": 1663664003,
        "narHash": "sha256-56x4Eke/7Cdn4/8T0SM73WpDqBSFq1vFY5VdkNlUBwI=",
        "owner": "L3MON4D3",
        "repo": "LuaSnip",
        "rev": "d36c063b7f6e701852f7880f1314656592a61b4f",
        "type": "github"
      },
      "original": {
        "owner": "L3MON4D3",
        "ref": "master",
        "repo": "LuaSnip",
        "type": "github"
      }
    },
    "lualine": {
      "flake": false,
      "locked": {
        "lastModified": 1662921346,
        "narHash": "sha256-bGVozEoffFxjiLACTfnDGX11yIHGhLawQWn80Nbd6TM=",
        "owner": "nvim-lualine",
        "repo": "lualine.nvim",
        "rev": "a52f078026b27694d2290e34efa61a6e4a690621",
        "type": "github"
      },
      "original": {
        "owner": "nvim-lualine",
        "repo": "lualine.nvim",
        "type": "github"
      }
    },
    "neovim": {
      "flake": false,
      "locked": {
        "lastModified": 1656256102,
        "narHash": "sha256-eKKQNM02Vhy+3yL2QV+0FSEpcniEa5Aq6hkAUIgLo1k=",
        "owner": "neovim",
        "repo": "neovim",
        "rev": "e8ee6733926db83ef216497a1d660a173184ff39",
        "type": "github"
      },
      "original": {
        "owner": "neovim",
        "repo": "neovim",
        "rev": "e8ee6733926db83ef216497a1d660a173184ff39",
        "type": "github"
      }
    },
    "neovim-session-manager": {
      "flake": false,
      "locked": {
        "lastModified": 1663070618,
        "narHash": "sha256-TvUsBG5vV5xbHbzGJgRm0suJ3k/XR9zgrdmCpqRFkt8=",
        "owner": "Shatur",
        "repo": "neovim-session-manager",
        "rev": "3e8410cdad6e65c49c70d519477912035a4e91b8",
        "type": "github"
      },
      "original": {
        "owner": "Shatur",
        "ref": "master",
        "repo": "neovim-session-manager",
        "type": "github"
      }
    },
    "nixpkgs": {
      "locked": {
        "lastModified": 1662019588,
        "narHash": "sha256-oPEjHKGGVbBXqwwL+UjsveJzghWiWV0n9ogo1X6l4cw=",
        "owner": "nixos",
        "repo": "nixpkgs",
        "rev": "2da64a81275b68fdad38af669afeda43d401e94b",
        "type": "github"
      },
      "original": {
        "owner": "nixos",
        "ref": "nixos-unstable",
        "repo": "nixpkgs",
        "type": "github"
      }
    },
    "nvim-cmp": {
      "flake": false,
      "locked": {
        "lastModified": 1662608907,
        "narHash": "sha256-oT78R6RzV9KpZWorjUobTXpyfhAwqLa95mH090668ss=",
        "owner": "hrsh7th",
        "repo": "nvim-cmp",
        "rev": "913eb8599816b0b71fe959693080917d8063b26a",
        "type": "github"
      },
      "original": {
        "owner": "hrsh7th",
        "ref": "main",
        "repo": "nvim-cmp",
        "type": "github"
      }
    },
    "nvim-lightbulb": {
      "flake": false,
      "locked": {
        "lastModified": 1661474119,
        "narHash": "sha256-nw6H/dS4dHdrobnrfJVa8urWrMnbTWrA5bQJy9xbKXY=",
        "owner": "kosayoda",
        "repo": "nvim-lightbulb",
        "rev": "56b9ce31ec9d09d560fe8787c0920f76bc208297",
        "type": "github"
      },
      "original": {
        "owner": "kosayoda",
        "ref": "master",
        "repo": "nvim-lightbulb",
        "type": "github"
      }
    },
    "nvim-lspconfig": {
      "flake": false,
      "locked": {
        "lastModified": 1663166903,
        "narHash": "sha256-SAtVRAPJIs1ax48nLieZ+X2jKJTZl8aKOCKbd8H6eWc=",
        "owner": "neovim",
        "repo": "nvim-lspconfig",
        "rev": "51775b12cfbf1b6462c7b13cd020cc09e6767aea",
        "type": "github"
      },
      "original": {
        "owner": "neovim",
        "ref": "master",
        "repo": "nvim-lspconfig",
        "type": "github"
      }
    },
    "nvim-treesitter": {
      "flake": false,
      "locked": {
        "lastModified": 1663658051,
        "narHash": "sha256-+nr+djSGtTi7Glneba8nT+Rn8lCJwBp3Cg/TjrTZxbo=",
        "owner": "nvim-treesitter",
        "repo": "nvim-treesitter",
        "rev": "8ec59aee8097c64fcf27d1dbd77ea181c50846c5",
        "type": "github"
      },
      "original": {
        "owner": "nvim-treesitter",
        "ref": "master",
        "repo": "nvim-treesitter",
        "type": "github"
      }
    },
    "nvim-treesitter-playground": {
      "flake": false,
      "locked": {
        "lastModified": 1663605736,
        "narHash": "sha256-wst6YwtTJbR65+jijSSgsS9Isv1/vO9uAjuoUg6tVQc=",
        "owner": "nvim-treesitter",
        "repo": "playground",
        "rev": "e6a0bfaf9b5e36e3a327a1ae9a44a989eae472cf",
        "type": "github"
      },
      "original": {
        "owner": "nvim-treesitter",
        "ref": "master",
        "repo": "playground",
        "type": "github"
      }
    },
    "nvim-treesitter-refactor": {
      "flake": false,
      "locked": {
        "lastModified": 1652483521,
        "narHash": "sha256-8iAwtoMqh+2ef8qooxBFzm1eAm+P+8IKjjepV4n/+vI=",
        "owner": "nvim-treesitter",
        "repo": "nvim-treesitter-refactor",
        "rev": "75f5895cc662d61eb919da8050b7a0124400d589",
        "type": "github"
      },
      "original": {
        "owner": "nvim-treesitter",
        "ref": "master",
        "repo": "nvim-treesitter-refactor",
        "type": "github"
      }
    },
    "nvim-treesitter-textobjects": {
      "flake": false,
      "locked": {
        "lastModified": 1662230703,
        "narHash": "sha256-dnHGrywzItysy1GIguGj9+9ePn3OGCKaRwbas5ycdLg=",
        "owner": "nvim-treesitter",
        "repo": "nvim-treesitter-textobjects",
        "rev": "e63c2ff8e38fad77299dd74e14c7c9360e1b3181",
        "type": "github"
      },
      "original": {
        "owner": "nvim-treesitter",
        "ref": "master",
        "repo": "nvim-treesitter-textobjects",
        "type": "github"
      }
    },
    "nvim-web-devicons": {
      "flake": false,
      "locked": {
        "lastModified": 1663532214,
        "narHash": "sha256-e8FP68mEmPAEbk+rYEKKGi0ZTJHDCPxrulnivkzInXk=",
        "owner": "kyazdani42",
        "repo": "nvim-web-devicons",
        "rev": "969728506c0175644a1d448f55e311ccdada7eaf",
        "type": "github"
      },
      "original": {
        "owner": "kyazdani42",
        "ref": "master",
        "repo": "nvim-web-devicons",
        "type": "github"
      }
    },
    "oh-my-vim": {
      "flake": false,
      "locked": {
        "lastModified": 1660328394,
        "narHash": "sha256-qvYR+1Jgv3hWzWaNa1Zhogf53/SnowLzwkYqAJxDqsU=",
        "ref": "lua-config",
        "rev": "2f4e3e9778b782972fde41e79aaadadf749b4b70",
        "revCount": 294,
        "type": "git",
        "url": "https://gitlab.tools.kbee.xyz/alex/oh-my-vim.git"
      },
      "original": {
        "ref": "lua-config",
        "type": "git",
        "url": "https://gitlab.tools.kbee.xyz/alex/oh-my-vim.git"
      }
    },
    "plenary": {
      "flake": false,
      "locked": {
        "lastModified": 1662196864,
        "narHash": "sha256-qIfsQScKdwrVXUYry+RDjoMoKLuhlsw1GHOVoeOphfo=",
        "owner": "nvim-lua",
        "repo": "plenary.nvim",
        "rev": "4b66054e75356ac0b909bbfee9c682e703f535c2",
        "type": "github"
      },
      "original": {
        "owner": "nvim-lua",
        "repo": "plenary.nvim",
        "type": "github"
      }
    },
    "popup": {
      "flake": false,
      "locked": {
        "lastModified": 1637254091,
        "narHash": "sha256-dNWz/xovUg55fDZUpVs/2kLphk3lqQyvPtc9ATwbeSQ=",
        "owner": "nvim-lua",
        "repo": "popup.nvim",
        "rev": "b7404d35d5d3548a82149238289fa71f7f6de4ac",
        "type": "github"
      },
      "original": {
        "owner": "nvim-lua",
        "ref": "master",
        "repo": "popup.nvim",
        "type": "github"
      }
    },
    "root": {
      "inputs": {
        "cmp-nvim-lsp": "cmp-nvim-lsp",
        "cmp_luasnip": "cmp_luasnip",
        "flake-utils": "flake-utils",
        "luaSnip": "luaSnip",
        "lualine": "lualine",
        "neovim": "neovim",
        "neovim-session-manager": "neovim-session-manager",
        "nixpkgs": "nixpkgs",
        "nvim-cmp": "nvim-cmp",
        "nvim-lightbulb": "nvim-lightbulb",
        "nvim-lspconfig": "nvim-lspconfig",
        "nvim-treesitter": "nvim-treesitter",
        "nvim-treesitter-playground": "nvim-treesitter-playground",
        "nvim-treesitter-refactor": "nvim-treesitter-refactor",
        "nvim-treesitter-textobjects": "nvim-treesitter-textobjects",
        "nvim-web-devicons": "nvim-web-devicons",
        "oh-my-vim": "oh-my-vim",
        "plenary": "plenary",
        "popup": "popup",
        "telescope": "telescope",
        "telescope-tele-tabby": "telescope-tele-tabby",
        "telescope-ui-select": "telescope-ui-select"
      }
    },
    "telescope": {
      "flake": false,
      "locked": {
        "lastModified": 1662321586,
        "narHash": "sha256-JWNYnbXH8C7J0H7cE9j7akwW8C86nD0vy5GwTtLdBvw=",
        "owner": "nvim-telescope",
        "repo": "telescope.nvim",
        "rev": "2584ff391b528d01bf5e8c04206d5902a79ebdde",
        "type": "github"
      },
      "original": {
        "owner": "nvim-telescope",
        "repo": "telescope.nvim",
        "type": "github"
      }
    },
    "telescope-tele-tabby": {
      "flake": false,
      "locked": {
        "lastModified": 1650874175,
        "narHash": "sha256-AnqtbI4PvxIviSqyu7vthXKQqlOtJR7ylUVPDLhr1i4=",
        "owner": "TC72",
        "repo": "telescope-tele-tabby.nvim",
        "rev": "cfbafaf5961f598f897f6daa38d22ae6cca804c4",
        "type": "github"
      },
      "original": {
        "owner": "TC72",
        "ref": "main",
        "repo": "telescope-tele-tabby.nvim",
        "type": "github"
      }
    },
    "telescope-ui-select": {
      "flake": false,
      "locked": {
        "lastModified": 1651305900,
        "narHash": "sha256-/JM2KX70JXa3sydrUj13Vd4rRwhn3VrdW7qLLHqIqyY=",
        "owner": "nvim-telescope",
        "repo": "telescope-ui-select.nvim",
        "rev": "62ea5e58c7bbe191297b983a9e7e89420f581369",
        "type": "github"
      },
      "original": {
        "owner": "nvim-telescope",
        "ref": "master",
        "repo": "telescope-ui-select.nvim",
        "type": "github"
      }
    }
  },
  "root": "root",
  "version": 7
}
